// !$*UTF8*$!
{
	archiveVersion = 1;
	classes = {
	};
	objectVersion = 46;
	objects = {

/* Begin PBXBuildFile section */
		F1A604941ED56EF300331B47 /* main.m in Sources */ = {isa = PBXBuildFile; fileRef = F1A604931ED56EF300331B47 /* main.m */; };
		F1A604971ED56EF300331B47 /* AppDelegate.m in Sources */ = {isa = PBXBuildFile; fileRef = F1A604961ED56EF300331B47 /* AppDelegate.m */; };
		F1A6049A1ED56EF300331B47 /* ViewController.m in Sources */ = {isa = PBXBuildFile; fileRef = F1A604991ED56EF300331B47 /* ViewController.m */; };
		F1A6049D1ED56EF300331B47 /* Main.storyboard in Resources */ = {isa = PBXBuildFile; fileRef = F1A6049B1ED56EF300331B47 /* Main.storyboard */; };
		F1A6049F1ED56EF300331B47 /* Assets.xcassets in Resources */ = {isa = PBXBuildFile; fileRef = F1A6049E1ED56EF300331B47 /* Assets.xcassets */; };
		F1A604A21ED56EF300331B47 /* LaunchScreen.storyboard in Resources */ = {isa = PBXBuildFile; fileRef = F1A604A01ED56EF300331B47 /* LaunchScreen.storyboard */; };
		F1A604AB1ED5715300331B47 /* GCDAsyncSocket.m in Sources */ = {isa = PBXBuildFile; fileRef = F1A604AA1ED5715300331B47 /* GCDAsyncSocket.m */; };
/* End PBXBuildFile section */

/* Begin PBXFileReference section */
		F1A6048F1ED56EF300331B47 /* LYSocketServer.app */ = {isa = PBXFileReference; explicitFileType = wrapper.application; includeInIndex = 0; path = LYSocketServer.app; sourceTree = BUILT_PRODUCTS_DIR; };
		F1A604931ED56EF300331B47 /* main.m */ = {isa = PBXFileReference; lastKnownFileType = sourcecode.c.objc; path = main.m; sourceTree = "<group>"; };
		F1A604951ED56EF300331B47 /* AppDelegate.h */ = {isa = PBXFileReference; lastKnownFileType = sourcecode.c.h; path = AppDelegate.h; sourceTree = "<group>"; };
		F1A604961ED56EF300331B47 /* AppDelegate.m */ = {isa = PBXFileReference; lastKnownFileType = sourcecode.c.objc; path = AppDelegate.m; sourceTree = "<group>"; };
		F1A604981ED56EF300331B47 /* ViewController.h */ = {isa = PBXFileReference; lastKnownFileType = sourcecode.c.h; path = ViewController.h; sourceTree = "<group>"; };
		F1A604991ED56EF300331B47 /* ViewController.m */ = {isa = PBXFileReference; lastKnownFileType = sourcecode.c.objc; path = ViewController.m; sourceTree = "<group>"; };
		F1A6049C1ED56EF300331B47 /* Base */ = {isa = PBXFileReference; lastKnownFileType = file.storyboard; name = Base; path = Base.lproj/Main.storyboard; sourceTree = "<group>"; };
		F1A6049E1ED56EF300331B47 /* Assets.xcassets */ = {isa = PBXFileReference; lastKnownFileType = folder.assetcatalog; path = Assets.xcassets; sourceTree = "<group>"; };
		F1A604A11ED56EF300331B47 /* Base */ = {isa = PBXFileReference; lastKnownFileType = file.storyboard; name = Base; path = Base.lproj/LaunchScreen.storyboard; sourceTree = "<group>"; };
		F1A604A31ED56EF300331B47 /* Info.plist */ = {isa = PBXFileReference; lastKnownFileType = text.plist.xml; path = Info.plist; sourceTree = "<group>"; };
		F1A604A91ED5715300331B47 /* GCDAsyncSocket.h */ = {isa = PBXFileReference; fileEncoding = 4; lastKnownFileType = sourcecode.c.h; path = GCDAsyncSocket.h; sourceTree = "<group>"; };
		F1A604AA1ED5715300331B47 /* GCDAsyncSocket.m */ = {isa = PBXFileReference; fileEncoding = 4; lastKnownFileType = sourcecode.c.objc; path = GCDAsyncSocket.m; sourceTree = "<group>"; };
/* End PBXFileReference section */

/* Begin PBXFrameworksBuildPhase section */
		F1A6048C1ED56EF300331B47 /* Frameworks */ = {
			isa = PBXFrameworksBuildPhase;
			buildActionMask = 2147483647;
			files = (
			);
			runOnlyForDeploymentPostprocessing = 0;
		};
/* End PBXFrameworksBuildPhase section */

/* Begin PBXGroup section */
		F1A604861ED56EF300331B47 = {
			isa = PBXGroup;
			children = (
				F1A604911ED56EF300331B47 /* LYSocketServer */,
				F1A604901ED56EF300331B47 /* Products */,
			);
			sourceTree = "<group>";
		};
		F1A604901ED56EF300331B47 /* Products */ = {
			isa = PBXGroup;
			children = (
				F1A6048F1ED56EF300331B47 /* LYSocketServer.app */,
			);
			name = Products;
			sourceTree = "<group>";
		};
		F1A604911ED56EF300331B47 /* LYSocketServer */ = {
			isa = PBXGroup;
			children = (
				F1A604951ED56EF300331B47 /* AppDelegate.h */,
				F1A604961ED56EF300331B47 /* AppDelegate.m */,
				F1A604981ED56EF300331B47 /* ViewController.h */,
				F1A604991ED56EF300331B47 /* ViewController.m */,
				F1A6049B1ED56EF300331B47 /* Main.storyboard */,
				F1A604A91ED5715300331B47 /* GCDAsyncSocket.h */,
				F1A604AA1ED5715300331B47 /* GCDAsyncSocket.m */,
				F1A6049E1ED56EF300331B47 /* Assets.xcassets */,
				F1A604A01ED56EF300331B47 /* LaunchScreen.storyboard */,
				F1A604A31ED56EF300331B47 /* Info.plist */,
				F1A604921ED56EF300331B47 /* Supporting Files */,
			);
			path = LYSocketServer;
			sourceTree = "<group>";
		};
		F1A604921ED56EF300331B47 /* Supporting Files */ = {
			isa = PBXGroup;
			children = (
				F1A604931ED56EF300331B47 /* main.m */,
			);
			name = "Supporting Files";
			sourceTree = "<group>";
		};
/* End PBXGroup section */

/* Begin PBXNativeTarget section */
		F1A6048E1ED56EF300331B47 /* LYSocketServer */ = {
			isa = PBXNativeTarget;
			buildConfigurationList = F1A604A61ED56EF300331B47 /* Build configuration list for PBXNativeTarget "LYSocketServer" */;
			buildPhases = (
				F1A6048B1ED56EF300331B47 /* Sources */,
				F1A6048C1ED56EF300331B47 /* Frameworks */,
				F1A6048D1ED56EF300331B47 /* Resources */,
			);
			buildRules = (
			);
			dependencies = (
			);
			name = LYSocketServer;
			productName = LYSocketServer;
			productReference = F1A6048F1ED56EF300331B47 /* LYSocketServer.app */;
			productType = "com.apple.product-type.application";
		};
/* End PBXNativeTarget section */

/* Begin PBXProject section */
		F1A604871ED56EF300331B47 /* Project object */ = {
			isa = PBXProject;
			attributes = {
				LastUpgradeCheck = 0820;
				ORGANIZATIONNAME = sinowave;
				TargetAttributes = {
					F1A6048E1ED56EF300331B47 = {
						CreatedOnToolsVersion = 8.2.1;
						DevelopmentTeam = 4B976QCL45;
						ProvisioningStyle = Automatic;
					};
				};
			};
			buildConfigurationList = F1A6048A1ED56EF300331B47 /* Build configuration list for PBXProject "LYSocketServer" */;
			compatibilityVersion = "Xcode 3.2";
			developmentRegion = English;
			hasScannedForEncodings = 0;
			knownRegions = (
				en,
				Base,
			);
			mainGroup = F1A604861ED56EF300331B47;
			productRefGroup = F1A604901ED56EF300331B47 /* Products */;
			projectDirPath = "";
			projectRoot = "";
			targets = (
				F1A6048E1ED56EF300331B47 /* LYSocketServer */,
			);
		};
/* End PBXProject section */

/* Begin PBXResourcesBuildPhase section */
		F1A6048D1ED56EF300331B47 /* Resources */ = {
			isa = PBXResourcesBuildPhase;
			buildActionMask = 2147483647;
			files = (
				F1A604A21ED56EF300331B47 /* LaunchScreen.storyboard in Resources */,
				F1A6049F1ED56EF300331B47 /* Assets.xcassets in Resources */,
				F1A6049D1ED56EF300331B47 /* Main.storyboard in Resources */,
			);
			runOnlyForDeploymentPostprocessing = 0;
		};
/* End PBXResourcesBuildPhase section */

/* Begin PBXSourcesBuildPhase section */
		F1A6048B1ED56EF300331B47 /* Sources */ = {
			isa = PBXSourcesBuildPhase;
			buildActionMask = 2147483647;
			files = (
				F1A604AB1ED5715300331B47 /* GCDAsyncSocket.m in Sources */,
				F1A6049A1ED56EF300331B47 /* ViewController.m in Sources */,
				F1A604971ED56EF300331B47 /* AppDelegate.m in Sources */,
				F1A604941ED56EF300331B47 /* main.m in Sources */,
			);
			runOnlyForDeploymentPostprocessing = 0;
		};
/* End PBXSourcesBuildPhase section */

/* Begin PBXVariantGroup section */
		F1A6049B1ED56EF300331B47 /* Main.storyboard */ = {
			isa = PBXVariantGroup;
			children = (
				F1A6049C1ED56EF300331B47 /* Base */,
			);
			name = Main.storyboard;
			sourceTree = "<group>";
		};
		F1A604A01ED56EF300331B47 /* LaunchScreen.storyboard */ = {
			isa = PBXVariantGroup;
			children = (
				F1A604A11ED56EF300331B47 /* Base */,
			);
			name = LaunchScreen.storyboard;
			sourceTree = "<group>";
		};
/* End PBXVariantGroup section */

/* Begin XCBuildConfiguration section */
		F1A604A41ED56EF300331B47 /* Debug */ = {
			isa = XCBuildConfiguration;
			buildSettings = {
				ALWAYS_SEARCH_USER_PATHS = NO;
				CLANG_ANALYZER_NONNULL = YES;
				CLANG_CXX_LANGUAGE_STANDARD = "gnu++0x";
				CLANG_CXX_LIBRARY = "libc++";
				CLANG_ENABLE_MODULES = YES;
				CLANG_ENABLE_OBJC_ARC = YES;
				CLANG_WARN_BOOL_CONVERSION = YES;
				CLANG_WARN_CONSTANT_CONVERSION = YES;
				CLANG_WARN_DIRECT_OBJC_ISA_USAGE = YES_ERROR;
				CLANG_WARN_DOCUMENTATION_COMMENTS = YES;
				CLANG_WARN_EMPTY_BODY = YES;
				CLANG_WARN_ENUM_CONVERSION = YES;
				CLANG_WARN_INFINITE_RECURSION = YES;
				CLANG_WARN_INT_CONVERSION = YES;
				CLANG_WARN_OBJC_ROOT_CLASS = YES_ERROR;
				CLANG_WARN_SUSPICIOUS_MOVE = YES;
				CLANG_WARN_UNREACHABLE_CODE = YES;
				CLANG_WARN__DUPLICATE_METHOD_MATCH = YES;
				"CODE_SIGN_IDENTITY[sdk=iphoneos*]" = "iPhone Developer";
				COPY_PHASE_STRIP = NO;
				DEBUG_INFORMATION_FORMAT = dwarf;
				ENABLE_STRICT_OBJC_MSGSEND = YES;
				ENABLE_TESTABILITY = YES;
				GCC_C_LANGUAGE_STANDARD = gnu99;
				GCC_DYNAMIC_NO_PIC = NO;
				GCC_NO_COMMON_BLOCKS = YES;
				GCC_OPTIMIZATION_LEVEL = 0;
				GCC_PREPROCESSOR_DEFINITIONS = (
					"DEBUG=1",
					"$(inherited)",
				);
				GCC_WARN_64_TO_32_BIT_CONVERSION = YES;
				GCC_WARN_ABOUT_RETURN_TYPE = YES_ERROR;
				GCC_WARN_UNDECLARED_SELECTOR = YES;
				GCC_WARN_UNINITIALIZED_AUTOS = YES_AGGRESSIVE;
				GCC_WARN_UNUSED_FUNCTION = YES;
				GCC_WARN_UNUSED_VARIABLE = YES;
				IPHONEOS_DEPLOYMENT_TARGET = 10.2;
				MTL_ENABLE_DEBUG_INFO = YES;
				ONLY_ACTIVE_ARCH = YES;
				SDKROOT = iphoneos;
			};
			name = Debug;
		};
		F1A604A51ED56EF300331B47 /* Release */ = {
			isa = XCBuildConfiguration;
			buildSettings = {
				ALWAYS_SEARCH_USER_PATHS = NO;
				CLANG_ANALYZER_NONNULL = YES;
				CLANG_CXX_LANGUAGE_STANDARD = "gnu++0x";
				CLANG_CXX_LIBRARY = "libc++";
				CLANG_ENABLE_MODULES = YES;
				CLANG_ENABLE_OBJC_ARC = YES;
				CLANG_WARN_BOOL_CONVERSION = YES;
				CLANG_WARN_CONSTANT_CONVERSION = YES;
				CLANG_WARN_DIRECT_OBJC_ISA_USAGE = YES_ERROR;
				CLANG_WARN_DOCUMENTATION_COMMENTS = YES;
				CLANG_WARN_EMPTY_BODY = YES;
				CLANG_WARN_ENUM_CONVERSION = YES;
				CLANG_WARN_INFINITE_RECURSION = YES;
				CLANG_WARN_INT_CONVERSION = YES;
				CLANG_WARN_OBJC_ROOT_CLASS = YES_ERROR;
				CLANG_WARN_SUSPICIOUS_MOVE = YES;
				CLANG_WARN_UNREACHABLE_CODE = YES;
				CLANG_WARN__DUPLICATE_METHOD_MATCH = YES;
				"CODE_SIGN_IDENTITY[sdk=iphoneos*]" = "iPhone Developer";
				COPY_PHASE_STRIP = NO;
				DEBUG_INFORMATION_FORMAT = "dwarf-with-dsym";
				ENABLE_NS_ASSERTIONS = NO;
				ENABLE_STRICT_OBJC_MSGSEND = YES;
				GCC_C_LANGUAGE_STANDARD = gnu99;
				GCC_NO_COMMON_BLOCKS = YES;
				GCC_WARN_64_TO_32_BIT_CONVERSION = YES;
				GCC_WARN_ABOUT_RETURN_TYPE = YES_ERROR;
				GCC_WARN_UNDECLARED_SELECTOR = YES;
				GCC_WARN_UNINITIALIZED_AUTOS = YES_AGGRESSIVE;
				GCC_WARN_UNUSED_FUNCTION = YES;
				GCC_WARN_UNUSED_VARIABLE = YES;
				IPHONEOS_DEPLOYMENT_TARGET = 10.2;
				MTL_ENABLE_DEBUG_INFO = NO;
				SDKROOT = iphoneos;
				VALIDATE_PRODUCT = YES;
			};
			name = Release;
		};
		F1A604A71ED56EF300331B47 /* Debug */ = {
			isa = XCBuildConfiguration;
			buildSettings = {
				ASSETCATALOG_COMPILER_APPICON_NAME = AppIcon;
				DEVELOPMENT_TEAM = 4B976QCL45;
				INFOPLIST_FILE = LYSocketServer/Info.plist;
				LD_RUNPATH_SEARCH_PATHS = "$(inherited) @executable_path/Frameworks";
				PRODUCT_BUNDLE_IDENTIFIER = sinowave.LYSocketServer;
				PRODUCT_NAME = "$(TARGET_NAME)";
			};
			name = Debug;
		};
		F1A604A81ED56EF300331B47 /* Release */ = {
			isa = XCBuildConfiguration;
			buildSettings = {
				ASSETCATALOG_COMPILER_APPICON_NAME = AppIcon;
				DEVELOPMENT_TEAM = 4B976QCL45;
				INFOPLIST_FILE = LYSocketServer/Info.plist;
				LD_RUNPATH_SEARCH_PATHS = "$(inherited) @executable_path/Frameworks";
				PRODUCT_BUNDLE_IDENTIFIER = sinowave.LYSocketServer;
				PRODUCT_NAME = "$(TARGET_NAME)";
			};
			name = Release;
		};
/* End XCBuildConfiguration section */

/* Begin XCConfigurationList section */
		F1A6048A1ED56EF300331B47 /* Build configuration list for PBXProject "LYSocketServer" */ = {
			isa = XCConfigurationList;
			buildConfigurations = (
				F1A604A41ED56EF300331B47 /* Debug */,
				F1A604A51ED56EF300331B47 /* Release */,
			);
			defaultConfigurationIsVisible = 0;
			defaultConfigurationName = Release;
		};
		F1A604A61ED56EF300331B47 /* Build configuration list for PBXNativeTarget "LYSocketServer" */ = {
			isa = XCConfigurationList;
			buildConfigurations = (
				F1A604A71ED56EF300331B47 /* Debug */,
				F1A604A81ED56EF300331B47 /* Release */,
			);
			defaultConfigurationIsVisible = 0;
		};
/* End XCConfigurationList section */
	};
	rootObject = F1A604871ED56EF300331B47 /* Project object */;
}
